
Microsoft Visual Studio Solution File, Format Version 12.00
Project("{FAE04EC0-301F-11D3-BF4B-00C04F79EFBC}") = "CarvedRock.Api", "CarvedRock.Api\CarvedRock.Api.csproj", "{96834B92-ED07-440B-A457-7A147B03DD33}"
EndProject
Global
	GlobalSection(SolutionConfigurationPlatforms) = preSolution
		Debug|Any CPU = Debug|Any CPU
		Release|Any CPU = Release|Any CPU
	EndGlobalSection
	GlobalSection(ProjectConfigurationPlatforms) = postSolution
		{96834B92-ED07-440B-A457-7A147B03DD33}.Debug|Any CPU.ActiveCfg = Debug|Any CPU
		{96834B92-ED07-440B-A457-7A147B03DD33}.Debug|Any CPU.Build.0 = Debug|Any CPU
		{96834B92-ED07-440B-A457-7A147B03DD33}.Release|Any CPU.ActiveCfg = Release|Any CPU
		{96834B92-ED07-440B-A457-7A147B03DD33}.Release|Any CPU.Build.0 = Release|Any CPU
	EndGlobalSection
EndGlobal
